{
  "name": "Mosh-Node-Practice",
  "version": "1.0.0",
  "lockfileVersion": 1,
  "requires": true,
  "dependencies": {
    "vueko-library-50": {
      "version": "1.0.0",
      "resolved": "https://registry.npmjs.org/vueko-library-50/-/vueko-library-50-1.0.0.tgz",
      "integrity": "sha512-yu/M+rXmV/lpftVqo7MH0LWKxbSOurH+ASz5I8D4o/uPGPYJCOgLYq3WVL/vAlc+lAKvGkkaWvXac2bt549RXg=="
    }
  }
}
